Microsoft Visual Studio Solution File, Format Version 12.00
# Visual Studio 14
VisualStudioVersion = 14.0.25420.1
MinimumVisualStudioVersion = 10.0.40219.1
Project("{8BC9CEB8-8B4A-11D0-8D11-00A0C91BC942}") = "ALL_BUILD", "ALL_BUILD.vcxproj", "{9ADB5919-DA60-313B-B8FC-3C3C57C5D841}"
	ProjectSection(ProjectDependencies) = postProject
		{7E1E324D-EF5B-3591-896B-164062455D8E} = {7E1E324D-EF5B-3591-896B-164062455D8E}
		{5DB12CB1-06CC-324F-8AB4-1C89C371F9FA} = {5DB12CB1-06CC-324F-8AB4-1C89C371F9FA}
		{A80252D8-60AE-3E5D-A15D-FAFD370B2CF6} = {A80252D8-60AE-3E5D-A15D-FAFD370B2CF6}
		{0C23A2FB-6760-35D1-BDCD-AA4B3B59DE1C} = {0C23A2FB-6760-35D1-BDCD-AA4B3B59DE1C}
	EndProjectSection
EndProject
Project("{8BC9CEB8-8B4A-11D0-8D11-00A0C91BC942}") = "INSTALL", "INSTALL.vcxproj", "{EE0E6AB6-18AC-3648-9E2D-D50867D111E5}"
	ProjectSection(ProjectDependencies) = postProject
		{9ADB5919-DA60-313B-B8FC-3C3C57C5D841} = {9ADB5919-DA60-313B-B8FC-3C3C57C5D841}
		{0C23A2FB-6760-35D1-BDCD-AA4B3B59DE1C} = {0C23A2FB-6760-35D1-BDCD-AA4B3B59DE1C}
	EndProjectSection
EndProject
Project("{8BC9CEB8-8B4A-11D0-8D11-00A0C91BC942}") = "ZERO_CHECK", "ZERO_CHECK.vcxproj", "{0C23A2FB-6760-35D1-BDCD-AA4B3B59DE1C}"
EndProject
Project("{8BC9CEB8-8B4A-11D0-8D11-00A0C91BC942}") = "caffe2ncnn", "tools\caffe2ncnn.vcxproj", "{A80252D8-60AE-3E5D-A15D-FAFD370B2CF6}"
	ProjectSection(ProjectDependencies) = postProject
		{0C23A2FB-6760-35D1-BDCD-AA4B3B59DE1C} = {0C23A2FB-6760-35D1-BDCD-AA4B3B59DE1C}
	EndProjectSection
EndProject
Project("{8BC9CEB8-8B4A-11D0-8D11-00A0C91BC942}") = "ncnn", "src\ncnn.vcxproj", "{7E1E324D-EF5B-3591-896B-164062455D8E}"
	ProjectSection(ProjectDependencies) = postProject
		{0C23A2FB-6760-35D1-BDCD-AA4B3B59DE1C} = {0C23A2FB-6760-35D1-BDCD-AA4B3B59DE1C}
	EndProjectSection
EndProject
Project("{8BC9CEB8-8B4A-11D0-8D11-00A0C91BC942}") = "ncnn2mem", "tools\ncnn2mem.vcxproj", "{5DB12CB1-06CC-324F-8AB4-1C89C371F9FA}"
	ProjectSection(ProjectDependencies) = postProject
		{7E1E324D-EF5B-3591-896B-164062455D8E} = {7E1E324D-EF5B-3591-896B-164062455D8E}
		{0C23A2FB-6760-35D1-BDCD-AA4B3B59DE1C} = {0C23A2FB-6760-35D1-BDCD-AA4B3B59DE1C}
	EndProjectSection
EndProject
Project("{8BC9CEB8-8B4A-11D0-8D11-00A0C91BC942}") = "ncnntest", "ncnntest\ncnntest.vcxproj", "{72B9AB4E-81F3-4B8C-BC49-75FB1923CEBB}"
	ProjectSection(ProjectDependencies) = postProject
		{7E1E324D-EF5B-3591-896B-164062455D8E} = {7E1E324D-EF5B-3591-896B-164062455D8E}
	EndProjectSection
EndProject
Global
	GlobalSection(SolutionConfigurationPlatforms) = preSolution
		Debug|x64 = Debug|x64
		Debug|x86 = Debug|x86
		MinSizeRel|x64 = MinSizeRel|x64
		MinSizeRel|x86 = MinSizeRel|x86
		Release|x64 = Release|x64
		Release|x86 = Release|x86
		RelWithDebInfo|x64 = RelWithDebInfo|x64
		RelWithDebInfo|x86 = RelWithDebInfo|x86
	EndGlobalSection
	GlobalSection(ProjectConfigurationPlatforms) = postSolution
		{9ADB5919-DA60-313B-B8FC-3C3C57C5D841}.Debug|x64.ActiveCfg = Debug|x64
		{9ADB5919-DA60-313B-B8FC-3C3C57C5D841}.Debug|x64.Build.0 = Debug|x64
		{9ADB5919-DA60-313B-B8FC-3C3C57C5D841}.Debug|x86.ActiveCfg = Debug|x64
		{9ADB5919-DA60-313B-B8FC-3C3C57C5D841}.MinSizeRel|x64.ActiveCfg = MinSizeRel|x64
		{9ADB5919-DA60-313B-B8FC-3C3C57C5D841}.MinSizeRel|x64.Build.0 = MinSizeRel|x64
		{9ADB5919-DA60-313B-B8FC-3C3C57C5D841}.MinSizeRel|x86.ActiveCfg = MinSizeRel|x64
		{9ADB5919-DA60-313B-B8FC-3C3C57C5D841}.Release|x64.ActiveCfg = Release|x64
		{9ADB5919-DA60-313B-B8FC-3C3C57C5D841}.Release|x64.Build.0 = Release|x64
		{9ADB5919-DA60-313B-B8FC-3C3C57C5D841}.Release|x86.ActiveCfg = Release|x64
		{9ADB5919-DA60-313B-B8FC-3C3C57C5D841}.RelWithDebInfo|x64.ActiveCfg = RelWithDebInfo|x64
		{9ADB5919-DA60-313B-B8FC-3C3C57C5D841}.RelWithDebInfo|x64.Build.0 = RelWithDebInfo|x64
		{9ADB5919-DA60-313B-B8FC-3C3C57C5D841}.RelWithDebInfo|x86.ActiveCfg = RelWithDebInfo|x64
		{EE0E6AB6-18AC-3648-9E2D-D50867D111E5}.Debug|x64.ActiveCfg = Debug|x64
		{EE0E6AB6-18AC-3648-9E2D-D50867D111E5}.Debug|x86.ActiveCfg = Debug|x64
		{EE0E6AB6-18AC-3648-9E2D-D50867D111E5}.MinSizeRel|x64.ActiveCfg = MinSizeRel|x64
		{EE0E6AB6-18AC-3648-9E2D-D50867D111E5}.MinSizeRel|x86.ActiveCfg = MinSizeRel|x64
		{EE0E6AB6-18AC-3648-9E2D-D50867D111E5}.Release|x64.ActiveCfg = Release|x64
		{EE0E6AB6-18AC-3648-9E2D-D50867D111E5}.Release|x86.ActiveCfg = Release|x64
		{EE0E6AB6-18AC-3648-9E2D-D50867D111E5}.RelWithDebInfo|x64.ActiveCfg = RelWithDebInfo|x64
		{EE0E6AB6-18AC-3648-9E2D-D50867D111E5}.RelWithDebInfo|x86.ActiveCfg = RelWithDebInfo|x64
		{0C23A2FB-6760-35D1-BDCD-AA4B3B59DE1C}.Debug|x64.ActiveCfg = Debug|x64
		{0C23A2FB-6760-35D1-BDCD-AA4B3B59DE1C}.Debug|x64.Build.0 = Debug|x64
		{0C23A2FB-6760-35D1-BDCD-AA4B3B59DE1C}.Debug|x86.ActiveCfg = Debug|x64
		{0C23A2FB-6760-35D1-BDCD-AA4B3B59DE1C}.MinSizeRel|x64.ActiveCfg = MinSizeRel|x64
		{0C23A2FB-6760-35D1-BDCD-AA4B3B59DE1C}.MinSizeRel|x64.Build.0 = MinSizeRel|x64
		{0C23A2FB-6760-35D1-BDCD-AA4B3B59DE1C}.MinSizeRel|x86.ActiveCfg = MinSizeRel|x64
		{0C23A2FB-6760-35D1-BDCD-AA4B3B59DE1C}.Release|x64.ActiveCfg = Release|x64
		{0C23A2FB-6760-35D1-BDCD-AA4B3B59DE1C}.Release|x64.Build.0 = Release|x64
		{0C23A2FB-6760-35D1-BDCD-AA4B3B59DE1C}.Release|x86.ActiveCfg = Release|x64
		{0C23A2FB-6760-35D1-BDCD-AA4B3B59DE1C}.RelWithDebInfo|x64.ActiveCfg = RelWithDebInfo|x64
		{0C23A2FB-6760-35D1-BDCD-AA4B3B59DE1C}.RelWithDebInfo|x64.Build.0 = RelWithDebInfo|x64
		{0C23A2FB-6760-35D1-BDCD-AA4B3B59DE1C}.RelWithDebInfo|x86.ActiveCfg = RelWithDebInfo|x64
		{A80252D8-60AE-3E5D-A15D-FAFD370B2CF6}.Debug|x64.ActiveCfg = Debug|x64
		{A80252D8-60AE-3E5D-A15D-FAFD370B2CF6}.Debug|x64.Build.0 = Debug|x64
		{A80252D8-60AE-3E5D-A15D-FAFD370B2CF6}.Debug|x86.ActiveCfg = Debug|x64
		{A80252D8-60AE-3E5D-A15D-FAFD370B2CF6}.MinSizeRel|x64.ActiveCfg = MinSizeRel|x64
		{A80252D8-60AE-3E5D-A15D-FAFD370B2CF6}.MinSizeRel|x64.Build.0 = MinSizeRel|x64
		{A80252D8-60AE-3E5D-A15D-FAFD370B2CF6}.MinSizeRel|x86.ActiveCfg = MinSizeRel|x64
		{A80252D8-60AE-3E5D-A15D-FAFD370B2CF6}.Release|x64.ActiveCfg = Release|x64
		{A80252D8-60AE-3E5D-A15D-FAFD370B2CF6}.Release|x64.Build.0 = Release|x64
		{A80252D8-60AE-3E5D-A15D-FAFD370B2CF6}.Release|x86.ActiveCfg = Release|x64
		{A80252D8-60AE-3E5D-A15D-FAFD370B2CF6}.RelWithDebInfo|x64.ActiveCfg = RelWithDebInfo|x64
		{A80252D8-60AE-3E5D-A15D-FAFD370B2CF6}.RelWithDebInfo|x64.Build.0 = RelWithDebInfo|x64
		{A80252D8-60AE-3E5D-A15D-FAFD370B2CF6}.RelWithDebInfo|x86.ActiveCfg = RelWithDebInfo|x64
		{7E1E324D-EF5B-3591-896B-164062455D8E}.Debug|x64.ActiveCfg = Debug|x64
		{7E1E324D-EF5B-3591-896B-164062455D8E}.Debug|x64.Build.0 = Debug|x64
		{7E1E324D-EF5B-3591-896B-164062455D8E}.Debug|x86.ActiveCfg = Debug|x64
		{7E1E324D-EF5B-3591-896B-164062455D8E}.MinSizeRel|x64.ActiveCfg = MinSizeRel|x64
		{7E1E324D-EF5B-3591-896B-164062455D8E}.MinSizeRel|x64.Build.0 = MinSizeRel|x64
		{7E1E324D-EF5B-3591-896B-164062455D8E}.MinSizeRel|x86.ActiveCfg = MinSizeRel|x64
		{7E1E324D-EF5B-3591-896B-164062455D8E}.Release|x64.ActiveCfg = Release|x64
		{7E1E324D-EF5B-3591-896B-164062455D8E}.Release|x64.Build.0 = Release|x64
		{7E1E324D-EF5B-3591-896B-164062455D8E}.Release|x86.ActiveCfg = Release|x64
		{7E1E324D-EF5B-3591-896B-164062455D8E}.RelWithDebInfo|x64.ActiveCfg = RelWithDebInfo|x64
		{7E1E324D-EF5B-3591-896B-164062455D8E}.RelWithDebInfo|x64.Build.0 = RelWithDebInfo|x64
		{7E1E324D-EF5B-3591-896B-164062455D8E}.RelWithDebInfo|x86.ActiveCfg = RelWithDebInfo|x64
		{5DB12CB1-06CC-324F-8AB4-1C89C371F9FA}.Debug|x64.ActiveCfg = Debug|x64
		{5DB12CB1-06CC-324F-8AB4-1C89C371F9FA}.Debug|x64.Build.0 = Debug|x64
		{5DB12CB1-06CC-324F-8AB4-1C89C371F9FA}.Debug|x86.ActiveCfg = Debug|x64
		{5DB12CB1-06CC-324F-8AB4-1C89C371F9FA}.MinSizeRel|x64.ActiveCfg = MinSizeRel|x64
		{5DB12CB1-06CC-324F-8AB4-1C89C371F9FA}.MinSizeRel|x64.Build.0 = MinSizeRel|x64
		{5DB12CB1-06CC-324F-8AB4-1C89C371F9FA}.MinSizeRel|x86.ActiveCfg = MinSizeRel|x64
		{5DB12CB1-06CC-324F-8AB4-1C89C371F9FA}.Release|x64.ActiveCfg = Release|x64
		{5DB12CB1-06CC-324F-8AB4-1C89C371F9FA}.Release|x64.Build.0 = Release|x64
		{5DB12CB1-06CC-324F-8AB4-1C89C371F9FA}.Release|x86.ActiveCfg = Release|x64
		{5DB12CB1-06CC-324F-8AB4-1C89C371F9FA}.RelWithDebInfo|x64.ActiveCfg = RelWithDebInfo|x64
		{5DB12CB1-06CC-324F-8AB4-1C89C371F9FA}.RelWithDebInfo|x64.Build.0 = RelWithDebInfo|x64
		{5DB12CB1-06CC-324F-8AB4-1C89C371F9FA}.RelWithDebInfo|x86.ActiveCfg = RelWithDebInfo|x64
		{72B9AB4E-81F3-4B8C-BC49-75FB1923CEBB}.Debug|x64.ActiveCfg = Debug|x64
		{72B9AB4E-81F3-4B8C-BC49-75FB1923CEBB}.Debug|x64.Build.0 = Debug|x64
		{72B9AB4E-81F3-4B8C-BC49-75FB1923CEBB}.Debug|x86.ActiveCfg = Debug|Win32
		{72B9AB4E-81F3-4B8C-BC49-75FB1923CEBB}.Debug|x86.Build.0 = Debug|Win32
		{72B9AB4E-81F3-4B8C-BC49-75FB1923CEBB}.MinSizeRel|x64.ActiveCfg = Release|x64
		{72B9AB4E-81F3-4B8C-BC49-75FB1923CEBB}.MinSizeRel|x64.Build.0 = Release|x64
		{72B9AB4E-81F3-4B8C-BC49-75FB1923CEBB}.MinSizeRel|x86.ActiveCfg = Release|Win32
		{72B9AB4E-81F3-4B8C-BC49-75FB1923CEBB}.MinSizeRel|x86.Build.0 = Release|Win32
		{72B9AB4E-81F3-4B8C-BC49-75FB1923CEBB}.Release|x64.ActiveCfg = Release|x64
		{72B9AB4E-81F3-4B8C-BC49-75FB1923CEBB}.Release|x64.Build.0 = Release|x64
		{72B9AB4E-81F3-4B8C-BC49-75FB1923CEBB}.Release|x86.ActiveCfg = Release|Win32
		{72B9AB4E-81F3-4B8C-BC49-75FB1923CEBB}.Release|x86.Build.0 = Release|Win32
		{72B9AB4E-81F3-4B8C-BC49-75FB1923CEBB}.RelWithDebInfo|x64.ActiveCfg = Release|x64
		{72B9AB4E-81F3-4B8C-BC49-75FB1923CEBB}.RelWithDebInfo|x64.Build.0 = Release|x64
		{72B9AB4E-81F3-4B8C-BC49-75FB1923CEBB}.RelWithDebInfo|x86.ActiveCfg = Release|Win32
		{72B9AB4E-81F3-4B8C-BC49-75FB1923CEBB}.RelWithDebInfo|x86.Build.0 = Release|Win32
	EndGlobalSection
	GlobalSection(SolutionProperties) = preSolution
		HideSolutionNode = FALSE
	EndGlobalSection
	GlobalSection(ExtensibilityGlobals) = postSolution
		SolutionGuid = {B3944C2E-C4BE-329D-96AB-2EC029715C99}
	EndGlobalSection
EndGlobal
