<?xml version="1.0" encoding="utf-8"?>
<Project ToolsVersion="14.0" xmlns="http://schemas.microsoft.com/developer/msbuild/2003">
  <ItemGroup>
    <ClCompile Include="..\..\src\blob.cpp" />
    <ClCompile Include="..\..\src\cpu.cpp" />
    <ClCompile Include="..\..\src\layer.cpp" />
    <ClCompile Include="..\..\src\mat.cpp" />
    <ClCompile Include="..\..\src\mat_pixel.cpp" />
    <ClCompile Include="..\..\src\net.cpp" />
    <ClCompile Include="..\..\src\opencv.cpp" />
    <ClCompile Include="..\..\src\layer\absval.cpp" />
    <ClCompile Include="..\..\src\layer\argmax.cpp" />
    <ClCompile Include="..\..\src\layer\batchnorm.cpp" />
    <ClCompile Include="..\..\src\layer\bias.cpp" />
    <ClCompile Include="..\..\src\layer\bnll.cpp" />
    <ClCompile Include="..\..\src\layer\concat.cpp" />
    <ClCompile Include="..\..\src\layer\convolution.cpp" />
    <ClCompile Include="..\..\src\layer\x86\convolution_x86.cpp" />
    <ClCompile Include="..\..\src\layer\crop.cpp" />
    <ClCompile Include="..\..\src\layer\deconvolution.cpp" />
    <ClCompile Include="..\..\src\layer\dropout.cpp" />
    <ClCompile Include="..\..\src\layer\eltwise.cpp" />
    <ClCompile Include="..\..\src\layer\elu.cpp" />
    <ClCompile Include="..\..\src\layer\exp.cpp" />
    <ClCompile Include="..\..\src\layer\flatten.cpp" />
    <ClCompile Include="..\..\src\layer\innerproduct.cpp" />
    <ClCompile Include="..\..\src\layer\input.cpp" />
    <ClCompile Include="..\..\src\layer\log.cpp" />
    <ClCompile Include="..\..\src\layer\lrn.cpp" />
    <ClCompile Include="..\..\src\layer\mvn.cpp" />
    <ClCompile Include="..\..\src\layer\pooling.cpp" />
    <ClCompile Include="..\..\src\layer\power.cpp" />
    <ClCompile Include="..\..\src\layer\prelu.cpp" />
    <ClCompile Include="..\..\src\layer\proposal.cpp" />
    <ClCompile Include="..\..\src\layer\relu.cpp" />
    <ClCompile Include="..\..\src\layer\reshape.cpp" />
    <ClCompile Include="..\..\src\layer\scale.cpp" />
    <ClCompile Include="..\..\src\layer\sigmoid.cpp" />
    <ClCompile Include="..\..\src\layer\slice.cpp" />
    <ClCompile Include="..\..\src\layer\softmax.cpp" />
    <ClCompile Include="..\..\src\layer\split.cpp" />
    <ClCompile Include="..\..\src\layer\spp.cpp" />
    <ClCompile Include="..\..\src\layer\tanh.cpp" />
    <ClCompile Include="..\..\src\layer\threshold.cpp" />
    <ClCompile Include="..\..\src\layer\tile.cpp" />
    <ClCompile Include="..\..\src\layer\binaryop.cpp" />
    <ClCompile Include="..\..\src\layer\unaryop.cpp" />
    <ClCompile Include="..\..\src\layer\convolutiondepthwise.cpp" />
    <ClCompile Include="..\..\src\layer\padding.cpp" />
    <ClCompile Include="..\..\src\layer\squeeze.cpp" />
    <ClCompile Include="..\..\src\layer\expanddims.cpp" />
    <ClCompile Include="..\..\src\layer\normalize.cpp" />
    <ClCompile Include="..\..\src\layer\permute.cpp" />
    <ClCompile Include="..\..\src\layer\priorbox.cpp" />
    <ClCompile Include="..\..\src\paramdict.cpp" />
  </ItemGroup>
  <ItemGroup>
    <Filter Include="Source Files">
      <UniqueIdentifier>{8769BC06-7AAF-30E3-9677-2C280D62458C}</UniqueIdentifier>
    </Filter>
  </ItemGroup>
</Project>