<?xml version="1.0" encoding="UTF-8"?>
<Project ToolsVersion="14.0" xmlns="http://schemas.microsoft.com/developer/msbuild/2003">
  <ItemGroup>
    <CustomBuild Include="F:\proj\dnn\ncnn\buildvs15\CMakeFiles\d7b107d2be4c026373b849b03aff5166\INSTALL_force.rule">
      <Filter>CMake Rules</Filter>
    </CustomBuild>
  </ItemGroup>
  <ItemGroup>
    <Filter Include="CMake Rules">
      <UniqueIdentifier>{2E6BE4FE-3104-34D5-9DCE-14B62F42D364}</UniqueIdentifier>
    </Filter>
  </ItemGroup>
</Project>
